
Microsoft Visual Studio Solution File, Format Version 12.00
# Visual Studio Version 17
VisualStudioVersion = 17.13.35919.96 d17.13
MinimumVisualStudioVersion = 10.0.40219.1
Project("{FAE04EC0-301F-11D3-BF4B-00C04F79EFBC}") = "FreezerApp", "FreezerApp\FreezerApp.csproj", "{306A177A-5A64-4C3A-8F4E-DAD597AE0153}"
EndProject
Global
	GlobalSection(SolutionConfigurationPlatforms) = preSolution
		Debug|Any CPU = Debug|Any CPU
		Release|Any CPU = Release|Any CPU
	EndGlobalSection
	GlobalSection(ProjectConfigurationPlatforms) = postSolution
		{306A177A-5A64-4C3A-8F4E-DAD597AE0153}.Debug|Any CPU.ActiveCfg = Debug|Any CPU
		{306A177A-5A64-4C3A-8F4E-DAD597AE0153}.Debug|Any CPU.Build.0 = Debug|Any CPU
		{306A177A-5A64-4C3A-8F4E-DAD597AE0153}.Release|Any CPU.ActiveCfg = Release|Any CPU
		{306A177A-5A64-4C3A-8F4E-DAD597AE0153}.Release|Any CPU.Build.0 = Release|Any CPU
	EndGlobalSection
	GlobalSection(SolutionProperties) = preSolution
		HideSolutionNode = FALSE
	EndGlobalSection
	GlobalSection(ExtensibilityGlobals) = postSolution
		SolutionGuid = {D67AD909-2503-4B52-A3BB-0D5F14E37713}
	EndGlobalSection
EndGlobal
